
Microsoft Visual Studio Solution File, Format Version 12.00
Project("{FAE04EC0-301F-11D3-BF4B-00C04F79EFBC}") = "backend", "backend\backend.csproj", "{F140D650-FCCA-4E35-902F-AF1BA2099F4B}"
EndProject
Global
	GlobalSection(SolutionConfigurationPlatforms) = preSolution
		Debug|Any CPU = Debug|Any CPU
		Release|Any CPU = Release|Any CPU
	EndGlobalSection
	GlobalSection(ProjectConfigurationPlatforms) = postSolution
		{F140D650-FCCA-4E35-902F-AF1BA2099F4B}.Debug|Any CPU.ActiveCfg = Debug|Any CPU
		{F140D650-FCCA-4E35-902F-AF1BA2099F4B}.Debug|Any CPU.Build.0 = Debug|Any CPU
		{F140D650-FCCA-4E35-902F-AF1BA2099F4B}.Release|Any CPU.ActiveCfg = Release|Any CPU
		{F140D650-FCCA-4E35-902F-AF1BA2099F4B}.Release|Any CPU.Build.0 = Release|Any CPU
	EndGlobalSection
EndGlobal
